
Microsoft Visual Studio Solution File, Format Version 12.00
# Visual Studio Version 16
VisualStudioVersion = 16.0.31129.286
MinimumVisualStudioVersion = 10.0.40219.1
Project("{8BC9CEB8-8B4A-11D0-8D11-00A0C91BC942}") = "laba1zadanie16", "laba1zadanie16\laba1zadanie16.vcxproj", "{507EB663-2035-4892-A25D-3C1B484F3CED}"
EndProject
Global
	GlobalSection(SolutionConfigurationPlatforms) = preSolution
		Debug|x64 = Debug|x64
		Debug|x86 = Debug|x86
		Release|x64 = Release|x64
		Release|x86 = Release|x86
	EndGlobalSection
	GlobalSection(ProjectConfigurationPlatforms) = postSolution
		{507EB663-2035-4892-A25D-3C1B484F3CED}.Debug|x64.ActiveCfg = Debug|x64
		{507EB663-2035-4892-A25D-3C1B484F3CED}.Debug|x64.Build.0 = Debug|x64
		{507EB663-2035-4892-A25D-3C1B484F3CED}.Debug|x86.ActiveCfg = Debug|Win32
		{507EB663-2035-4892-A25D-3C1B484F3CED}.Debug|x86.Build.0 = Debug|Win32
		{507EB663-2035-4892-A25D-3C1B484F3CED}.Release|x64.ActiveCfg = Release|x64
		{507EB663-2035-4892-A25D-3C1B484F3CED}.Release|x64.Build.0 = Release|x64
		{507EB663-2035-4892-A25D-3C1B484F3CED}.Release|x86.ActiveCfg = Release|Win32
		{507EB663-2035-4892-A25D-3C1B484F3CED}.Release|x86.Build.0 = Release|Win32
	EndGlobalSection
	GlobalSection(SolutionProperties) = preSolution
		HideSolutionNode = FALSE
	EndGlobalSection
	GlobalSection(ExtensibilityGlobals) = postSolution
		SolutionGuid = {1FB16BB4-B371-4A4A-97AE-8E7850F15C95}
	EndGlobalSection
EndGlobal
